
Microsoft Visual Studio Solution File, Format Version 12.00
# Visual Studio Version 17
VisualStudioVersion = 17.12.35527.113 d17.12
MinimumVisualStudioVersion = 10.0.40219.1
Project("{8C41C9D6-AADB-4FDD-9FE7-E6306FDD84E1}") = "capital", "capital.csproj", "{DECBF2DF-6E45-4F7E-BEE3-07BDC7D3BD96}"
EndProject
Global
	GlobalSection(SolutionConfigurationPlatforms) = preSolution
		Debug|Any CPU = Debug|Any CPU
		Release|Any CPU = Release|Any CPU
	EndGlobalSection
	GlobalSection(ProjectConfigurationPlatforms) = postSolution
		{DECBF2DF-6E45-4F7E-BEE3-07BDC7D3BD96}.Debug|Any CPU.ActiveCfg = Debug|Any CPU
		{DECBF2DF-6E45-4F7E-BEE3-07BDC7D3BD96}.Debug|Any CPU.Build.0 = Debug|Any CPU
		{DECBF2DF-6E45-4F7E-BEE3-07BDC7D3BD96}.Release|Any CPU.ActiveCfg = Release|Any CPU
		{DECBF2DF-6E45-4F7E-BEE3-07BDC7D3BD96}.Release|Any CPU.Build.0 = Release|Any CPU
	EndGlobalSection
	GlobalSection(SolutionProperties) = preSolution
		HideSolutionNode = FALSE
	EndGlobalSection
EndGlobal
